
Microsoft Visual Studio Solution File, Format Version 12.00
# Visual Studio 14
VisualStudioVersion = 14.0.24720.0
MinimumVisualStudioVersion = 10.0.40219.1
Project("{FAE04EC0-301F-11D3-BF4B-00C04F79EFBC}") = "ANN", "ANN\ANN.csproj", "{49396B59-4026-4B06-A2B9-ADBB7CA38447}"
EndProject
Project("{FAE04EC0-301F-11D3-BF4B-00C04F79EFBC}") = "ANNMath", "ANNMath\ANNMath.csproj", "{FDB9FA78-30C0-47CB-9F8B-FEDBF03B902D}"
EndProject
Project("{FAE04EC0-301F-11D3-BF4B-00C04F79EFBC}") = "NueralNetwork", "NueralNetwork\NueralNetwork.csproj", "{2B6C434F-C226-431E-959A-A8B9A9EAFA12}"
EndProject
Project("{FAE04EC0-301F-11D3-BF4B-00C04F79EFBC}") = "ImageLoader", "ImageLoader\ImageLoader.csproj", "{17F80A85-BFE0-4107-ABB5-43B55E8A49A2}"
EndProject
Global
	GlobalSection(SolutionConfigurationPlatforms) = preSolution
		Debug|Any CPU = Debug|Any CPU
		Release|Any CPU = Release|Any CPU
	EndGlobalSection
	GlobalSection(ProjectConfigurationPlatforms) = postSolution
		{49396B59-4026-4B06-A2B9-ADBB7CA38447}.Debug|Any CPU.ActiveCfg = Debug|Any CPU
		{49396B59-4026-4B06-A2B9-ADBB7CA38447}.Debug|Any CPU.Build.0 = Debug|Any CPU
		{49396B59-4026-4B06-A2B9-ADBB7CA38447}.Release|Any CPU.ActiveCfg = Release|Any CPU
		{49396B59-4026-4B06-A2B9-ADBB7CA38447}.Release|Any CPU.Build.0 = Release|Any CPU
		{FDB9FA78-30C0-47CB-9F8B-FEDBF03B902D}.Debug|Any CPU.ActiveCfg = Debug|Any CPU
		{FDB9FA78-30C0-47CB-9F8B-FEDBF03B902D}.Debug|Any CPU.Build.0 = Debug|Any CPU
		{FDB9FA78-30C0-47CB-9F8B-FEDBF03B902D}.Release|Any CPU.ActiveCfg = Release|Any CPU
		{FDB9FA78-30C0-47CB-9F8B-FEDBF03B902D}.Release|Any CPU.Build.0 = Release|Any CPU
		{2B6C434F-C226-431E-959A-A8B9A9EAFA12}.Debug|Any CPU.ActiveCfg = Debug|Any CPU
		{2B6C434F-C226-431E-959A-A8B9A9EAFA12}.Debug|Any CPU.Build.0 = Debug|Any CPU
		{2B6C434F-C226-431E-959A-A8B9A9EAFA12}.Release|Any CPU.ActiveCfg = Release|Any CPU
		{2B6C434F-C226-431E-959A-A8B9A9EAFA12}.Release|Any CPU.Build.0 = Release|Any CPU
		{17F80A85-BFE0-4107-ABB5-43B55E8A49A2}.Debug|Any CPU.ActiveCfg = Debug|Any CPU
		{17F80A85-BFE0-4107-ABB5-43B55E8A49A2}.Debug|Any CPU.Build.0 = Debug|Any CPU
		{17F80A85-BFE0-4107-ABB5-43B55E8A49A2}.Release|Any CPU.ActiveCfg = Release|Any CPU
		{17F80A85-BFE0-4107-ABB5-43B55E8A49A2}.Release|Any CPU.Build.0 = Release|Any CPU
	EndGlobalSection
	GlobalSection(SolutionProperties) = preSolution
		HideSolutionNode = FALSE
	EndGlobalSection
EndGlobal
